// !$*UTF8*$!
{
	archiveVersion = 1;
	classes = {
	};
	objectVersion = 46;
	objects = {

/* Begin PBXBuildFile section */
		C9F82B211D8483CF00608689 /* AppDelegate.swift in Sources */ = {isa = PBXBuildFile; fileRef = C9F82B201D8483CF00608689 /* AppDelegate.swift */; };
		C9F82B231D8483CF00608689 /* ViewController.swift in Sources */ = {isa = PBXBuildFile; fileRef = C9F82B221D8483CF00608689 /* ViewController.swift */; };
		C9F82B281D8483CF00608689 /* Assets.xcassets in Resources */ = {isa = PBXBuildFile; fileRef = C9F82B271D8483CF00608689 /* Assets.xcassets */; };
		C9F82B2B1D8483CF00608689 /* LaunchScreen.storyboard in Resources */ = {isa = PBXBuildFile; fileRef = C9F82B291D8483CF00608689 /* LaunchScreen.storyboard */; };
		C9F82B371D84891100608689 /* Alamofire.framework in Frameworks */ = {isa = PBXBuildFile; fileRef = C9F82B331D84891100608689 /* Alamofire.framework */; };
		C9F82B381D84891100608689 /* Fusuma.framework in Frameworks */ = {isa = PBXBuildFile; fileRef = C9F82B341D84891100608689 /* Fusuma.framework */; };
		C9F82B391D84891100608689 /* SnapKit.framework in Frameworks */ = {isa = PBXBuildFile; fileRef = C9F82B351D84891100608689 /* SnapKit.framework */; };
		C9F82B3A1D84891100608689 /* WebImage.framework in Frameworks */ = {isa = PBXBuildFile; fileRef = C9F82B361D84891100608689 /* WebImage.framework */; };
/* End PBXBuildFile section */

/* Begin PBXFileReference section */
		C9F82B1D1D8483CF00608689 /* howmanyrocksarethere.app */ = {isa = PBXFileReference; explicitFileType = wrapper.application; includeInIndex = 0; path = howmanyrocksarethere.app; sourceTree = BUILT_PRODUCTS_DIR; };
		C9F82B201D8483CF00608689 /* AppDelegate.swift */ = {isa = PBXFileReference; lastKnownFileType = sourcecode.swift; path = AppDelegate.swift; sourceTree = "<group>"; };
		C9F82B221D8483CF00608689 /* ViewController.swift */ = {isa = PBXFileReference; lastKnownFileType = sourcecode.swift; path = ViewController.swift; sourceTree = "<group>"; };
		C9F82B271D8483CF00608689 /* Assets.xcassets */ = {isa = PBXFileReference; lastKnownFileType = folder.assetcatalog; path = Assets.xcassets; sourceTree = "<group>"; };
		C9F82B2A1D8483CF00608689 /* Base */ = {isa = PBXFileReference; lastKnownFileType = file.storyboard; name = Base; path = Base.lproj/LaunchScreen.storyboard; sourceTree = "<group>"; };
		C9F82B2C1D8483CF00608689 /* Info.plist */ = {isa = PBXFileReference; lastKnownFileType = text.plist.xml; path = Info.plist; sourceTree = "<group>"; };
		C9F82B331D84891100608689 /* Alamofire.framework */ = {isa = PBXFileReference; lastKnownFileType = wrapper.framework; name = Alamofire.framework; path = Carthage/Build/iOS/Alamofire.framework; sourceTree = SOURCE_ROOT; };
		C9F82B341D84891100608689 /* Fusuma.framework */ = {isa = PBXFileReference; lastKnownFileType = wrapper.framework; name = Fusuma.framework; path = Carthage/Build/iOS/Fusuma.framework; sourceTree = SOURCE_ROOT; };
		C9F82B351D84891100608689 /* SnapKit.framework */ = {isa = PBXFileReference; lastKnownFileType = wrapper.framework; name = SnapKit.framework; path = Carthage/Build/iOS/SnapKit.framework; sourceTree = SOURCE_ROOT; };
		C9F82B361D84891100608689 /* WebImage.framework */ = {isa = PBXFileReference; lastKnownFileType = wrapper.framework; name = WebImage.framework; path = Carthage/Build/iOS/WebImage.framework; sourceTree = SOURCE_ROOT; };
/* End PBXFileReference section */

/* Begin PBXFrameworksBuildPhase section */
		C9F82B1A1D8483CF00608689 /* Frameworks */ = {
			isa = PBXFrameworksBuildPhase;
			buildActionMask = 2147483647;
			files = (
				C9F82B391D84891100608689 /* SnapKit.framework in Frameworks */,
				C9F82B371D84891100608689 /* Alamofire.framework in Frameworks */,
				C9F82B381D84891100608689 /* Fusuma.framework in Frameworks */,
				C9F82B3A1D84891100608689 /* WebImage.framework in Frameworks */,
			);
			runOnlyForDeploymentPostprocessing = 0;
		};
/* End PBXFrameworksBuildPhase section */

/* Begin PBXGroup section */
		C9F82B141D8483CF00608689 = {
			isa = PBXGroup;
			children = (
				C9F82B1F1D8483CF00608689 /* howmanyrocksarethere */,
				C9F82B1E1D8483CF00608689 /* Products */,
			);
			sourceTree = "<group>";
		};
		C9F82B1E1D8483CF00608689 /* Products */ = {
			isa = PBXGroup;
			children = (
				C9F82B1D1D8483CF00608689 /* howmanyrocksarethere.app */,
			);
			name = Products;
			sourceTree = "<group>";
		};
		C9F82B1F1D8483CF00608689 /* howmanyrocksarethere */ = {
			isa = PBXGroup;
			children = (
				C9F82B331D84891100608689 /* Alamofire.framework */,
				C9F82B341D84891100608689 /* Fusuma.framework */,
				C9F82B351D84891100608689 /* SnapKit.framework */,
				C9F82B361D84891100608689 /* WebImage.framework */,
				C9F82B201D8483CF00608689 /* AppDelegate.swift */,
				C9F82B221D8483CF00608689 /* ViewController.swift */,
				C9F82B271D8483CF00608689 /* Assets.xcassets */,
				C9F82B291D8483CF00608689 /* LaunchScreen.storyboard */,
				C9F82B2C1D8483CF00608689 /* Info.plist */,
			);
			path = howmanyrocksarethere;
			sourceTree = "<group>";
		};
/* End PBXGroup section */

/* Begin PBXNativeTarget section */
		C9F82B1C1D8483CF00608689 /* howmanyrocksarethere */ = {
			isa = PBXNativeTarget;
			buildConfigurationList = C9F82B2F1D8483CF00608689 /* Build configuration list for PBXNativeTarget "howmanyrocksarethere" */;
			buildPhases = (
				C9F82B191D8483CF00608689 /* Sources */,
				C9F82B1A1D8483CF00608689 /* Frameworks */,
				C9F82B1B1D8483CF00608689 /* Resources */,
				C9F82B321D8488A700608689 /* ShellScript */,
			);
			buildRules = (
			);
			dependencies = (
			);
			name = howmanyrocksarethere;
			productName = howmanyrocksarethere;
			productReference = C9F82B1D1D8483CF00608689 /* howmanyrocksarethere.app */;
			productType = "com.apple.product-type.application";
		};
/* End PBXNativeTarget section */

/* Begin PBXProject section */
		C9F82B151D8483CF00608689 /* Project object */ = {
			isa = PBXProject;
			attributes = {
				LastSwiftUpdateCheck = 0730;
				LastUpgradeCheck = 0730;
				ORGANIZATIONNAME = howmanyrocksarethere;
				TargetAttributes = {
					C9F82B1C1D8483CF00608689 = {
						CreatedOnToolsVersion = 7.3;
					};
				};
			};
			buildConfigurationList = C9F82B181D8483CF00608689 /* Build configuration list for PBXProject "howmanyrocksarethere" */;
			compatibilityVersion = "Xcode 3.2";
			developmentRegion = English;
			hasScannedForEncodings = 0;
			knownRegions = (
				en,
				Base,
			);
			mainGroup = C9F82B141D8483CF00608689;
			productRefGroup = C9F82B1E1D8483CF00608689 /* Products */;
			projectDirPath = "";
			projectRoot = "";
			targets = (
				C9F82B1C1D8483CF00608689 /* howmanyrocksarethere */,
			);
		};
/* End PBXProject section */

/* Begin PBXResourcesBuildPhase section */
		C9F82B1B1D8483CF00608689 /* Resources */ = {
			isa = PBXResourcesBuildPhase;
			buildActionMask = 2147483647;
			files = (
				C9F82B2B1D8483CF00608689 /* LaunchScreen.storyboard in Resources */,
				C9F82B281D8483CF00608689 /* Assets.xcassets in Resources */,
			);
			runOnlyForDeploymentPostprocessing = 0;
		};
/* End PBXResourcesBuildPhase section */

/* Begin PBXShellScriptBuildPhase section */
		C9F82B321D8488A700608689 /* ShellScript */ = {
			isa = PBXShellScriptBuildPhase;
			buildActionMask = 2147483647;
			files = (
			);
			inputPaths = (
				"$(SRCROOT)/Carthage/Build/iOS/Alamofire.framework",
				"$(SRCROOT)/Carthage/Build/iOS/WebImage.framework",
				"$(SRCROOT)/Carthage/Build/iOS/Fusuma.framework",
				"$(SRCROOT)/Carthage/Build/iOS/SnapKit.framework",
			);
			outputPaths = (
			);
			runOnlyForDeploymentPostprocessing = 0;
			shellPath = /bin/sh;
			shellScript = "/usr/local/bin/carthage copy-frameworks";
		};
/* End PBXShellScriptBuildPhase section */

/* Begin PBXSourcesBuildPhase section */
		C9F82B191D8483CF00608689 /* Sources */ = {
			isa = PBXSourcesBuildPhase;
			buildActionMask = 2147483647;
			files = (
				C9F82B231D8483CF00608689 /* ViewController.swift in Sources */,
				C9F82B211D8483CF00608689 /* AppDelegate.swift in Sources */,
			);
			runOnlyForDeploymentPostprocessing = 0;
		};
/* End PBXSourcesBuildPhase section */

/* Begin PBXVariantGroup section */
		C9F82B291D8483CF00608689 /* LaunchScreen.storyboard */ = {
			isa = PBXVariantGroup;
			children = (
				C9F82B2A1D8483CF00608689 /* Base */,
			);
			name = LaunchScreen.storyboard;
			sourceTree = "<group>";
		};
/* End PBXVariantGroup section */

/* Begin XCBuildConfiguration section */
		C9F82B2D1D8483CF00608689 /* Debug */ = {
			isa = XCBuildConfiguration;
			buildSettings = {
				ALWAYS_SEARCH_USER_PATHS = NO;
				CLANG_ANALYZER_NONNULL = YES;
				CLANG_CXX_LANGUAGE_STANDARD = "gnu++0x";
				CLANG_CXX_LIBRARY = "libc++";
				CLANG_ENABLE_MODULES = YES;
				CLANG_ENABLE_OBJC_ARC = YES;
				CLANG_WARN_BOOL_CONVERSION = YES;
				CLANG_WARN_CONSTANT_CONVERSION = YES;
				CLANG_WARN_DIRECT_OBJC_ISA_USAGE = YES_ERROR;
				CLANG_WARN_EMPTY_BODY = YES;
				CLANG_WARN_ENUM_CONVERSION = YES;
				CLANG_WARN_INT_CONVERSION = YES;
				CLANG_WARN_OBJC_ROOT_CLASS = YES_ERROR;
				CLANG_WARN_UNREACHABLE_CODE = YES;
				CLANG_WARN__DUPLICATE_METHOD_MATCH = YES;
				"CODE_SIGN_IDENTITY[sdk=iphoneos*]" = "iPhone Developer";
				COPY_PHASE_STRIP = NO;
				DEBUG_INFORMATION_FORMAT = dwarf;
				ENABLE_STRICT_OBJC_MSGSEND = YES;
				ENABLE_TESTABILITY = YES;
				GCC_C_LANGUAGE_STANDARD = gnu99;
				GCC_DYNAMIC_NO_PIC = NO;
				GCC_NO_COMMON_BLOCKS = YES;
				GCC_OPTIMIZATION_LEVEL = 0;
				GCC_PREPROCESSOR_DEFINITIONS = (
					"DEBUG=1",
					"$(inherited)",
				);
				GCC_WARN_64_TO_32_BIT_CONVERSION = YES;
				GCC_WARN_ABOUT_RETURN_TYPE = YES_ERROR;
				GCC_WARN_UNDECLARED_SELECTOR = YES;
				GCC_WARN_UNINITIALIZED_AUTOS = YES_AGGRESSIVE;
				GCC_WARN_UNUSED_FUNCTION = YES;
				GCC_WARN_UNUSED_VARIABLE = YES;
				IPHONEOS_DEPLOYMENT_TARGET = 9.3;
				MTL_ENABLE_DEBUG_INFO = YES;
				ONLY_ACTIVE_ARCH = YES;
				SDKROOT = iphoneos;
				SWIFT_OPTIMIZATION_LEVEL = "-Onone";
				TARGETED_DEVICE_FAMILY = "1,2";
			};
			name = Debug;
		};
		C9F82B2E1D8483CF00608689 /* Release */ = {
			isa = XCBuildConfiguration;
			buildSettings = {
				ALWAYS_SEARCH_USER_PATHS = NO;
				CLANG_ANALYZER_NONNULL = YES;
				CLANG_CXX_LANGUAGE_STANDARD = "gnu++0x";
				CLANG_CXX_LIBRARY = "libc++";
				CLANG_ENABLE_MODULES = YES;
				CLANG_ENABLE_OBJC_ARC = YES;
				CLANG_WARN_BOOL_CONVERSION = YES;
				CLANG_WARN_CONSTANT_CONVERSION = YES;
				CLANG_WARN_DIRECT_OBJC_ISA_USAGE = YES_ERROR;
				CLANG_WARN_EMPTY_BODY = YES;
				CLANG_WARN_ENUM_CONVERSION = YES;
				CLANG_WARN_INT_CONVERSION = YES;
				CLANG_WARN_OBJC_ROOT_CLASS = YES_ERROR;
				CLANG_WARN_UNREACHABLE_CODE = YES;
				CLANG_WARN__DUPLICATE_METHOD_MATCH = YES;
				"CODE_SIGN_IDENTITY[sdk=iphoneos*]" = "iPhone Developer";
				COPY_PHASE_STRIP = NO;
				DEBUG_INFORMATION_FORMAT = "dwarf-with-dsym";
				ENABLE_NS_ASSERTIONS = NO;
				ENABLE_STRICT_OBJC_MSGSEND = YES;
				GCC_C_LANGUAGE_STANDARD = gnu99;
				GCC_NO_COMMON_BLOCKS = YES;
				GCC_WARN_64_TO_32_BIT_CONVERSION = YES;
				GCC_WARN_ABOUT_RETURN_TYPE = YES_ERROR;
				GCC_WARN_UNDECLARED_SELECTOR = YES;
				GCC_WARN_UNINITIALIZED_AUTOS = YES_AGGRESSIVE;
				GCC_WARN_UNUSED_FUNCTION = YES;
				GCC_WARN_UNUSED_VARIABLE = YES;
				IPHONEOS_DEPLOYMENT_TARGET = 9.3;
				MTL_ENABLE_DEBUG_INFO = NO;
				SDKROOT = iphoneos;
				TARGETED_DEVICE_FAMILY = "1,2";
				VALIDATE_PRODUCT = YES;
			};
			name = Release;
		};
		C9F82B301D8483CF00608689 /* Debug */ = {
			isa = XCBuildConfiguration;
			buildSettings = {
				ASSETCATALOG_COMPILER_APPICON_NAME = AppIcon;
				FRAMEWORK_SEARCH_PATHS = (
					"$(inherited)",
					"$(PROJECT_DIR)/Carthage/Build/iOS",
				);
				INFOPLIST_FILE = howmanyrocksarethere/Info.plist;
				IPHONEOS_DEPLOYMENT_TARGET = 8.0;
				LD_RUNPATH_SEARCH_PATHS = "$(inherited) @executable_path/Frameworks";
				PRODUCT_BUNDLE_IDENTIFIER = mat.tc.howmanyrocksarethere;
				PRODUCT_NAME = "$(TARGET_NAME)";
			};
			name = Debug;
		};
		C9F82B311D8483CF00608689 /* Release */ = {
			isa = XCBuildConfiguration;
			buildSettings = {
				ASSETCATALOG_COMPILER_APPICON_NAME = AppIcon;
				FRAMEWORK_SEARCH_PATHS = (
					"$(inherited)",
					"$(PROJECT_DIR)/Carthage/Build/iOS",
				);
				INFOPLIST_FILE = howmanyrocksarethere/Info.plist;
				IPHONEOS_DEPLOYMENT_TARGET = 8.0;
				LD_RUNPATH_SEARCH_PATHS = "$(inherited) @executable_path/Frameworks";
				PRODUCT_BUNDLE_IDENTIFIER = mat.tc.howmanyrocksarethere;
				PRODUCT_NAME = "$(TARGET_NAME)";
			};
			name = Release;
		};
/* End XCBuildConfiguration section */

/* Begin XCConfigurationList section */
		C9F82B181D8483CF00608689 /* Build configuration list for PBXProject "howmanyrocksarethere" */ = {
			isa = XCConfigurationList;
			buildConfigurations = (
				C9F82B2D1D8483CF00608689 /* Debug */,
				C9F82B2E1D8483CF00608689 /* Release */,
			);
			defaultConfigurationIsVisible = 0;
			defaultConfigurationName = Release;
		};
		C9F82B2F1D8483CF00608689 /* Build configuration list for PBXNativeTarget "howmanyrocksarethere" */ = {
			isa = XCConfigurationList;
			buildConfigurations = (
				C9F82B301D8483CF00608689 /* Debug */,
				C9F82B311D8483CF00608689 /* Release */,
			);
			defaultConfigurationIsVisible = 0;
		};
/* End XCConfigurationList section */
	};
	rootObject = C9F82B151D8483CF00608689 /* Project object */;
}
