// !$*UTF8*$!
{
	archiveVersion = 1;
	classes = {
	};
	objectVersion = 46;
	objects = {

/* Begin PBXBuildFile section */
		C936EB9E1D85E609006DBEC5 /* ValidRockController.swift in Sources */ = {isa = PBXBuildFile; fileRef = C936EB9D1D85E609006DBEC5 /* ValidRockController.swift */; };
		C936EBA01D85E743006DBEC5 /* NSTimer+Swift.swift in Sources */ = {isa = PBXBuildFile; fileRef = C936EB9F1D85E743006DBEC5 /* NSTimer+Swift.swift */; };
		C936EBA21D85E923006DBEC5 /* InvalidRockController.swift in Sources */ = {isa = PBXBuildFile; fileRef = C936EBA11D85E923006DBEC5 /* InvalidRockController.swift */; };
		C936EBA41D85F274006DBEC5 /* RockMapViewController.swift in Sources */ = {isa = PBXBuildFile; fileRef = C936EBA31D85F274006DBEC5 /* RockMapViewController.swift */; };
		C936EBA61D85F864006DBEC5 /* RockAnnotation.swift in Sources */ = {isa = PBXBuildFile; fileRef = C936EBA51D85F864006DBEC5 /* RockAnnotation.swift */; };
		C95DEE701D96345800602621 /* Async.framework in Frameworks */ = {isa = PBXBuildFile; fileRef = C95DEE6F1D96345800602621 /* Async.framework */; };
		C95DEE741D96439700602621 /* UIImage+Gif.swift in Sources */ = {isa = PBXBuildFile; fileRef = C95DEE731D96439700602621 /* UIImage+Gif.swift */; };
		C95DEE781D96460000602621 /* loading.gif in Resources */ = {isa = PBXBuildFile; fileRef = C95DEE771D96460000602621 /* loading.gif */; };
		C95DEE7A1D9726A700602621 /* Rock.swift in Sources */ = {isa = PBXBuildFile; fileRef = C95DEE791D9726A700602621 /* Rock.swift */; };
		C9ED86691D8EE81100E14FDF /* PermissionScope.framework in Frameworks */ = {isa = PBXBuildFile; fileRef = C9ED86681D8EE81100E14FDF /* PermissionScope.framework */; };
		C9ED866B1D8EFB7600E14FDF /* PKHUD.framework in Frameworks */ = {isa = PBXBuildFile; fileRef = C9ED866A1D8EFB7600E14FDF /* PKHUD.framework */; };
		C9F82B211D8483CF00608689 /* AppDelegate.swift in Sources */ = {isa = PBXBuildFile; fileRef = C9F82B201D8483CF00608689 /* AppDelegate.swift */; };
		C9F82B231D8483CF00608689 /* ViewController.swift in Sources */ = {isa = PBXBuildFile; fileRef = C9F82B221D8483CF00608689 /* ViewController.swift */; };
		C9F82B281D8483CF00608689 /* Assets.xcassets in Resources */ = {isa = PBXBuildFile; fileRef = C9F82B271D8483CF00608689 /* Assets.xcassets */; };
		C9F82B2B1D8483CF00608689 /* LaunchScreen.storyboard in Resources */ = {isa = PBXBuildFile; fileRef = C9F82B291D8483CF00608689 /* LaunchScreen.storyboard */; };
		C9F82B371D84891100608689 /* Alamofire.framework in Frameworks */ = {isa = PBXBuildFile; fileRef = C9F82B331D84891100608689 /* Alamofire.framework */; };
		C9F82B381D84891100608689 /* Fusuma.framework in Frameworks */ = {isa = PBXBuildFile; fileRef = C9F82B341D84891100608689 /* Fusuma.framework */; };
		C9F82B391D84891100608689 /* SnapKit.framework in Frameworks */ = {isa = PBXBuildFile; fileRef = C9F82B351D84891100608689 /* SnapKit.framework */; };
		C9F82B3A1D84891100608689 /* WebImage.framework in Frameworks */ = {isa = PBXBuildFile; fileRef = C9F82B361D84891100608689 /* WebImage.framework */; };
		C9F82B3E1D848EEE00608689 /* Constants.swift in Sources */ = {isa = PBXBuildFile; fileRef = C9F82B3D1D848EEE00608689 /* Constants.swift */; };
		C9F82B401D8490F700608689 /* FeedViewController.swift in Sources */ = {isa = PBXBuildFile; fileRef = C9F82B3F1D8490F700608689 /* FeedViewController.swift */; };
		C9F82B421D84927B00608689 /* SubmitRockFlowController.swift in Sources */ = {isa = PBXBuildFile; fileRef = C9F82B411D84927B00608689 /* SubmitRockFlowController.swift */; };
		C9F82B441D84964C00608689 /* SubmitRockPostController.swift in Sources */ = {isa = PBXBuildFile; fileRef = C9F82B431D84964C00608689 /* SubmitRockPostController.swift */; };
		C9F82B461D849A8400608689 /* TextFieldEffects.framework in Frameworks */ = {isa = PBXBuildFile; fileRef = C9F82B451D849A8400608689 /* TextFieldEffects.framework */; };
		C9F82B481D84C82300608689 /* THE_DATABASE.swift in Sources */ = {isa = PBXBuildFile; fileRef = C9F82B471D84C82300608689 /* THE_DATABASE.swift */; };
		C9F82B4A1D84CC8A00608689 /* FeedItem.swift in Sources */ = {isa = PBXBuildFile; fileRef = C9F82B491D84CC8A00608689 /* FeedItem.swift */; };
		C9F82B4C1D84F9B500608689 /* FeedHeader.swift in Sources */ = {isa = PBXBuildFile; fileRef = C9F82B4B1D84F9B500608689 /* FeedHeader.swift */; };
		C9F82B4E1D85010D00608689 /* IsThisARockController.swift in Sources */ = {isa = PBXBuildFile; fileRef = C9F82B4D1D85010D00608689 /* IsThisARockController.swift */; };
		C9F82B501D8503A800608689 /* Env.swift in Sources */ = {isa = PBXBuildFile; fileRef = C9F82B4F1D8503A800608689 /* Env.swift */; };
		C9F82B541D8509A100608689 /* AWSCore.framework in Frameworks */ = {isa = PBXBuildFile; fileRef = C9F82B521D8509A100608689 /* AWSCore.framework */; };
		C9F82B551D8509A100608689 /* AWSS3.framework in Frameworks */ = {isa = PBXBuildFile; fileRef = C9F82B531D8509A100608689 /* AWSS3.framework */; };
		C9F82B571D850F8300608689 /* Utils.swift in Sources */ = {isa = PBXBuildFile; fileRef = C9F82B561D850F8300608689 /* Utils.swift */; };
		C9F82B591D85A4C800608689 /* LoadingController.swift in Sources */ = {isa = PBXBuildFile; fileRef = C9F82B581D85A4C800608689 /* LoadingController.swift */; };
		C9F82B5D1D85B02200608689 /* LoginViewController.swift in Sources */ = {isa = PBXBuildFile; fileRef = C9F82B5C1D85B02200608689 /* LoginViewController.swift */; };
		C9F82B5F1D85B85600608689 /* RockProfile.swift in Sources */ = {isa = PBXBuildFile; fileRef = C9F82B5E1D85B85600608689 /* RockProfile.swift */; };
		C9F82B611D85B99300608689 /* PotentialMatch.swift in Sources */ = {isa = PBXBuildFile; fileRef = C9F82B601D85B99300608689 /* PotentialMatch.swift */; };
		C9F82B631D85BB3D00608689 /* PotentialMatchCollectionView.swift in Sources */ = {isa = PBXBuildFile; fileRef = C9F82B621D85BB3D00608689 /* PotentialMatchCollectionView.swift */; };
		C9F82B661D85BD1300608689 /* UniqueRockButton.swift in Sources */ = {isa = PBXBuildFile; fileRef = C9F82B651D85BD1300608689 /* UniqueRockButton.swift */; };
		C9F82B681D85BFC900608689 /* PotentialMatchHeader.swift in Sources */ = {isa = PBXBuildFile; fileRef = C9F82B671D85BFC900608689 /* PotentialMatchHeader.swift */; };
		C9F82B781D85D41500608689 /* RockProfileController.swift in Sources */ = {isa = PBXBuildFile; fileRef = C9F82B771D85D41500608689 /* RockProfileController.swift */; };
/* End PBXBuildFile section */

/* Begin PBXFileReference section */
		C936EB9D1D85E609006DBEC5 /* ValidRockController.swift */ = {isa = PBXFileReference; fileEncoding = 4; lastKnownFileType = sourcecode.swift; path = ValidRockController.swift; sourceTree = "<group>"; };
		C936EB9F1D85E743006DBEC5 /* NSTimer+Swift.swift */ = {isa = PBXFileReference; fileEncoding = 4; lastKnownFileType = sourcecode.swift; path = "NSTimer+Swift.swift"; sourceTree = "<group>"; };
		C936EBA11D85E923006DBEC5 /* InvalidRockController.swift */ = {isa = PBXFileReference; fileEncoding = 4; lastKnownFileType = sourcecode.swift; path = InvalidRockController.swift; sourceTree = "<group>"; };
		C936EBA31D85F274006DBEC5 /* RockMapViewController.swift */ = {isa = PBXFileReference; fileEncoding = 4; lastKnownFileType = sourcecode.swift; path = RockMapViewController.swift; sourceTree = "<group>"; };
		C936EBA51D85F864006DBEC5 /* RockAnnotation.swift */ = {isa = PBXFileReference; fileEncoding = 4; lastKnownFileType = sourcecode.swift; path = RockAnnotation.swift; sourceTree = "<group>"; };
		C95DEE6F1D96345800602621 /* Async.framework */ = {isa = PBXFileReference; lastKnownFileType = wrapper.framework; name = Async.framework; path = Carthage/Build/iOS/Async.framework; sourceTree = SOURCE_ROOT; };
		C95DEE731D96439700602621 /* UIImage+Gif.swift */ = {isa = PBXFileReference; fileEncoding = 4; lastKnownFileType = sourcecode.swift; path = "UIImage+Gif.swift"; sourceTree = "<group>"; };
		C95DEE771D96460000602621 /* loading.gif */ = {isa = PBXFileReference; lastKnownFileType = image.gif; path = loading.gif; sourceTree = "<group>"; };
		C95DEE791D9726A700602621 /* Rock.swift */ = {isa = PBXFileReference; fileEncoding = 4; lastKnownFileType = sourcecode.swift; path = Rock.swift; sourceTree = "<group>"; };
		C9ED86681D8EE81100E14FDF /* PermissionScope.framework */ = {isa = PBXFileReference; lastKnownFileType = wrapper.framework; name = PermissionScope.framework; path = Carthage/Build/iOS/PermissionScope.framework; sourceTree = SOURCE_ROOT; };
		C9ED866A1D8EFB7600E14FDF /* PKHUD.framework */ = {isa = PBXFileReference; lastKnownFileType = wrapper.framework; name = PKHUD.framework; path = Carthage/Build/iOS/PKHUD.framework; sourceTree = SOURCE_ROOT; };
		C9F82B1D1D8483CF00608689 /* howmanyrocksarethere.app */ = {isa = PBXFileReference; explicitFileType = wrapper.application; includeInIndex = 0; path = howmanyrocksarethere.app; sourceTree = BUILT_PRODUCTS_DIR; };
		C9F82B201D8483CF00608689 /* AppDelegate.swift */ = {isa = PBXFileReference; lastKnownFileType = sourcecode.swift; path = AppDelegate.swift; sourceTree = "<group>"; };
		C9F82B221D8483CF00608689 /* ViewController.swift */ = {isa = PBXFileReference; lastKnownFileType = sourcecode.swift; path = ViewController.swift; sourceTree = "<group>"; };
		C9F82B271D8483CF00608689 /* Assets.xcassets */ = {isa = PBXFileReference; lastKnownFileType = folder.assetcatalog; path = Assets.xcassets; sourceTree = "<group>"; };
		C9F82B2A1D8483CF00608689 /* Base */ = {isa = PBXFileReference; lastKnownFileType = file.storyboard; name = Base; path = Base.lproj/LaunchScreen.storyboard; sourceTree = "<group>"; };
		C9F82B2C1D8483CF00608689 /* Info.plist */ = {isa = PBXFileReference; lastKnownFileType = text.plist.xml; path = Info.plist; sourceTree = "<group>"; };
		C9F82B331D84891100608689 /* Alamofire.framework */ = {isa = PBXFileReference; lastKnownFileType = wrapper.framework; name = Alamofire.framework; path = Carthage/Build/iOS/Alamofire.framework; sourceTree = SOURCE_ROOT; };
		C9F82B341D84891100608689 /* Fusuma.framework */ = {isa = PBXFileReference; lastKnownFileType = wrapper.framework; name = Fusuma.framework; path = Carthage/Build/iOS/Fusuma.framework; sourceTree = SOURCE_ROOT; };
		C9F82B351D84891100608689 /* SnapKit.framework */ = {isa = PBXFileReference; lastKnownFileType = wrapper.framework; name = SnapKit.framework; path = Carthage/Build/iOS/SnapKit.framework; sourceTree = SOURCE_ROOT; };
		C9F82B361D84891100608689 /* WebImage.framework */ = {isa = PBXFileReference; lastKnownFileType = wrapper.framework; name = WebImage.framework; path = Carthage/Build/iOS/WebImage.framework; sourceTree = SOURCE_ROOT; };
		C9F82B3D1D848EEE00608689 /* Constants.swift */ = {isa = PBXFileReference; fileEncoding = 4; lastKnownFileType = sourcecode.swift; path = Constants.swift; sourceTree = "<group>"; };
		C9F82B3F1D8490F700608689 /* FeedViewController.swift */ = {isa = PBXFileReference; fileEncoding = 4; lastKnownFileType = sourcecode.swift; path = FeedViewController.swift; sourceTree = "<group>"; };
		C9F82B411D84927B00608689 /* SubmitRockFlowController.swift */ = {isa = PBXFileReference; fileEncoding = 4; lastKnownFileType = sourcecode.swift; path = SubmitRockFlowController.swift; sourceTree = "<group>"; };
		C9F82B431D84964C00608689 /* SubmitRockPostController.swift */ = {isa = PBXFileReference; fileEncoding = 4; lastKnownFileType = sourcecode.swift; path = SubmitRockPostController.swift; sourceTree = "<group>"; };
		C9F82B451D849A8400608689 /* TextFieldEffects.framework */ = {isa = PBXFileReference; lastKnownFileType = wrapper.framework; name = TextFieldEffects.framework; path = Carthage/Build/iOS/TextFieldEffects.framework; sourceTree = SOURCE_ROOT; };
		C9F82B471D84C82300608689 /* THE_DATABASE.swift */ = {isa = PBXFileReference; fileEncoding = 4; lastKnownFileType = sourcecode.swift; path = THE_DATABASE.swift; sourceTree = "<group>"; };
		C9F82B491D84CC8A00608689 /* FeedItem.swift */ = {isa = PBXFileReference; fileEncoding = 4; lastKnownFileType = sourcecode.swift; path = FeedItem.swift; sourceTree = "<group>"; };
		C9F82B4B1D84F9B500608689 /* FeedHeader.swift */ = {isa = PBXFileReference; fileEncoding = 4; lastKnownFileType = sourcecode.swift; path = FeedHeader.swift; sourceTree = "<group>"; };
		C9F82B4D1D85010D00608689 /* IsThisARockController.swift */ = {isa = PBXFileReference; fileEncoding = 4; lastKnownFileType = sourcecode.swift; path = IsThisARockController.swift; sourceTree = "<group>"; };
		C9F82B4F1D8503A800608689 /* Env.swift */ = {isa = PBXFileReference; fileEncoding = 4; lastKnownFileType = sourcecode.swift; path = Env.swift; sourceTree = "<group>"; };
		C9F82B521D8509A100608689 /* AWSCore.framework */ = {isa = PBXFileReference; lastKnownFileType = wrapper.framework; name = AWSCore.framework; path = Carthage/Build/iOS/AWSCore.framework; sourceTree = SOURCE_ROOT; };
		C9F82B531D8509A100608689 /* AWSS3.framework */ = {isa = PBXFileReference; lastKnownFileType = wrapper.framework; name = AWSS3.framework; path = Carthage/Build/iOS/AWSS3.framework; sourceTree = SOURCE_ROOT; };
		C9F82B561D850F8300608689 /* Utils.swift */ = {isa = PBXFileReference; fileEncoding = 4; lastKnownFileType = sourcecode.swift; path = Utils.swift; sourceTree = "<group>"; };
		C9F82B581D85A4C800608689 /* LoadingController.swift */ = {isa = PBXFileReference; fileEncoding = 4; lastKnownFileType = sourcecode.swift; path = LoadingController.swift; sourceTree = "<group>"; };
		C9F82B5C1D85B02200608689 /* LoginViewController.swift */ = {isa = PBXFileReference; fileEncoding = 4; lastKnownFileType = sourcecode.swift; path = LoginViewController.swift; sourceTree = "<group>"; };
		C9F82B5E1D85B85600608689 /* RockProfile.swift */ = {isa = PBXFileReference; fileEncoding = 4; lastKnownFileType = sourcecode.swift; path = RockProfile.swift; sourceTree = "<group>"; };
		C9F82B601D85B99300608689 /* PotentialMatch.swift */ = {isa = PBXFileReference; fileEncoding = 4; lastKnownFileType = sourcecode.swift; path = PotentialMatch.swift; sourceTree = "<group>"; };
		C9F82B621D85BB3D00608689 /* PotentialMatchCollectionView.swift */ = {isa = PBXFileReference; fileEncoding = 4; lastKnownFileType = sourcecode.swift; path = PotentialMatchCollectionView.swift; sourceTree = "<group>"; };
		C9F82B651D85BD1300608689 /* UniqueRockButton.swift */ = {isa = PBXFileReference; fileEncoding = 4; lastKnownFileType = sourcecode.swift; path = UniqueRockButton.swift; sourceTree = "<group>"; };
		C9F82B671D85BFC900608689 /* PotentialMatchHeader.swift */ = {isa = PBXFileReference; fileEncoding = 4; lastKnownFileType = sourcecode.swift; path = PotentialMatchHeader.swift; sourceTree = "<group>"; };
		C9F82B771D85D41500608689 /* RockProfileController.swift */ = {isa = PBXFileReference; fileEncoding = 4; lastKnownFileType = sourcecode.swift; path = RockProfileController.swift; sourceTree = "<group>"; };
/* End PBXFileReference section */

/* Begin PBXFrameworksBuildPhase section */
		C9F82B1A1D8483CF00608689 /* Frameworks */ = {
			isa = PBXFrameworksBuildPhase;
			buildActionMask = 2147483647;
			files = (
				C9ED866B1D8EFB7600E14FDF /* PKHUD.framework in Frameworks */,
				C9ED86691D8EE81100E14FDF /* PermissionScope.framework in Frameworks */,
				C9F82B391D84891100608689 /* SnapKit.framework in Frameworks */,
				C9F82B371D84891100608689 /* Alamofire.framework in Frameworks */,
				C9F82B381D84891100608689 /* Fusuma.framework in Frameworks */,
				C9F82B551D8509A100608689 /* AWSS3.framework in Frameworks */,
				C9F82B461D849A8400608689 /* TextFieldEffects.framework in Frameworks */,
				C9F82B3A1D84891100608689 /* WebImage.framework in Frameworks */,
				C9F82B541D8509A100608689 /* AWSCore.framework in Frameworks */,
				C95DEE701D96345800602621 /* Async.framework in Frameworks */,
			);
			runOnlyForDeploymentPostprocessing = 0;
		};
/* End PBXFrameworksBuildPhase section */

/* Begin PBXGroup section */
		C9F82B141D8483CF00608689 = {
			isa = PBXGroup;
			children = (
				C95DEE791D9726A700602621 /* Rock.swift */,
				C9F82B1F1D8483CF00608689 /* howmanyrocksarethere */,
				C9F82B1E1D8483CF00608689 /* Products */,
			);
			sourceTree = "<group>";
		};
		C9F82B1E1D8483CF00608689 /* Products */ = {
			isa = PBXGroup;
			children = (
				C9F82B1D1D8483CF00608689 /* howmanyrocksarethere.app */,
			);
			name = Products;
			sourceTree = "<group>";
		};
		C9F82B1F1D8483CF00608689 /* howmanyrocksarethere */ = {
			isa = PBXGroup;
			children = (
				C95DEE6F1D96345800602621 /* Async.framework */,
				C9ED866A1D8EFB7600E14FDF /* PKHUD.framework */,
				C9ED86681D8EE81100E14FDF /* PermissionScope.framework */,
				C9F82B331D84891100608689 /* Alamofire.framework */,
				C9F82B341D84891100608689 /* Fusuma.framework */,
				C9F82B351D84891100608689 /* SnapKit.framework */,
				C9F82B361D84891100608689 /* WebImage.framework */,
				C9F82B451D849A8400608689 /* TextFieldEffects.framework */,
				C9F82B521D8509A100608689 /* AWSCore.framework */,
				C9F82B531D8509A100608689 /* AWSS3.framework */,
				C9F82B201D8483CF00608689 /* AppDelegate.swift */,
				C9F82B5C1D85B02200608689 /* LoginViewController.swift */,
				C9F82B221D8483CF00608689 /* ViewController.swift */,
				C936EBA31D85F274006DBEC5 /* RockMapViewController.swift */,
				C9F82B3F1D8490F700608689 /* FeedViewController.swift */,
				C9F82B4B1D84F9B500608689 /* FeedHeader.swift */,
				C9F82B491D84CC8A00608689 /* FeedItem.swift */,
				C9F82B581D85A4C800608689 /* LoadingController.swift */,
				C9F82B641D85BC0500608689 /* Submit Rock Flow */,
				C9F82B271D8483CF00608689 /* Assets.xcassets */,
				C9F82B291D8483CF00608689 /* LaunchScreen.storyboard */,
				C9F82B2C1D8483CF00608689 /* Info.plist */,
				C9F82B3D1D848EEE00608689 /* Constants.swift */,
				C9F82B471D84C82300608689 /* THE_DATABASE.swift */,
				C9F82B4F1D8503A800608689 /* Env.swift */,
				C9F82B561D850F8300608689 /* Utils.swift */,
				C95DEE731D96439700602621 /* UIImage+Gif.swift */,
				C936EB9F1D85E743006DBEC5 /* NSTimer+Swift.swift */,
				C936EBA51D85F864006DBEC5 /* RockAnnotation.swift */,
				C95DEE771D96460000602621 /* loading.gif */,
			);
			path = howmanyrocksarethere;
			sourceTree = "<group>";
		};
		C9F82B641D85BC0500608689 /* Submit Rock Flow */ = {
			isa = PBXGroup;
			children = (
				C9F82B411D84927B00608689 /* SubmitRockFlowController.swift */,
				C9F82B431D84964C00608689 /* SubmitRockPostController.swift */,
				C9F82B4D1D85010D00608689 /* IsThisARockController.swift */,
				C9F82B5E1D85B85600608689 /* RockProfile.swift */,
				C9F82B621D85BB3D00608689 /* PotentialMatchCollectionView.swift */,
				C9F82B601D85B99300608689 /* PotentialMatch.swift */,
				C9F82B651D85BD1300608689 /* UniqueRockButton.swift */,
				C9F82B671D85BFC900608689 /* PotentialMatchHeader.swift */,
				C9F82B771D85D41500608689 /* RockProfileController.swift */,
				C936EB9D1D85E609006DBEC5 /* ValidRockController.swift */,
				C936EBA11D85E923006DBEC5 /* InvalidRockController.swift */,
			);
			name = "Submit Rock Flow";
			sourceTree = "<group>";
		};
/* End PBXGroup section */

/* Begin PBXNativeTarget section */
		C9F82B1C1D8483CF00608689 /* howmanyrocksarethere */ = {
			isa = PBXNativeTarget;
			buildConfigurationList = C9F82B2F1D8483CF00608689 /* Build configuration list for PBXNativeTarget "howmanyrocksarethere" */;
			buildPhases = (
				C9F82B191D8483CF00608689 /* Sources */,
				C9F82B1A1D8483CF00608689 /* Frameworks */,
				C9F82B1B1D8483CF00608689 /* Resources */,
				C9F82B321D8488A700608689 /* ShellScript */,
			);
			buildRules = (
			);
			dependencies = (
			);
			name = howmanyrocksarethere;
			productName = howmanyrocksarethere;
			productReference = C9F82B1D1D8483CF00608689 /* howmanyrocksarethere.app */;
			productType = "com.apple.product-type.application";
		};
/* End PBXNativeTarget section */

/* Begin PBXProject section */
		C9F82B151D8483CF00608689 /* Project object */ = {
			isa = PBXProject;
			attributes = {
				LastSwiftUpdateCheck = 0730;
				LastUpgradeCheck = 0730;
				ORGANIZATIONNAME = howmanyrocksarethere;
				TargetAttributes = {
					C9F82B1C1D8483CF00608689 = {
						CreatedOnToolsVersion = 7.3;
						DevelopmentTeam = 8DZG85JJAZ;
					};
				};
			};
			buildConfigurationList = C9F82B181D8483CF00608689 /* Build configuration list for PBXProject "howmanyrocksarethere" */;
			compatibilityVersion = "Xcode 3.2";
			developmentRegion = English;
			hasScannedForEncodings = 0;
			knownRegions = (
				en,
				Base,
			);
			mainGroup = C9F82B141D8483CF00608689;
			productRefGroup = C9F82B1E1D8483CF00608689 /* Products */;
			projectDirPath = "";
			projectRoot = "";
			targets = (
				C9F82B1C1D8483CF00608689 /* howmanyrocksarethere */,
			);
		};
/* End PBXProject section */

/* Begin PBXResourcesBuildPhase section */
		C9F82B1B1D8483CF00608689 /* Resources */ = {
			isa = PBXResourcesBuildPhase;
			buildActionMask = 2147483647;
			files = (
				C95DEE781D96460000602621 /* loading.gif in Resources */,
				C9F82B2B1D8483CF00608689 /* LaunchScreen.storyboard in Resources */,
				C9F82B281D8483CF00608689 /* Assets.xcassets in Resources */,
			);
			runOnlyForDeploymentPostprocessing = 0;
		};
/* End PBXResourcesBuildPhase section */

/* Begin PBXShellScriptBuildPhase section */
		C9F82B321D8488A700608689 /* ShellScript */ = {
			isa = PBXShellScriptBuildPhase;
			buildActionMask = 2147483647;
			files = (
			);
			inputPaths = (
				"$(SRCROOT)/Carthage/Build/iOS/Alamofire.framework",
				"$(SRCROOT)/Carthage/Build/iOS/WebImage.framework",
				"$(SRCROOT)/Carthage/Build/iOS/Fusuma.framework",
				"$(SRCROOT)/Carthage/Build/iOS/SnapKit.framework",
				"$(SRCROOT)/Carthage/Build/iOS/TextFieldEffects.framework",
				"$(SRCROOT)/Carthage/Build/iOS/AWSCore.framework",
				"$(SRCROOT)/Carthage/Build/iOS/AWSS3.framework",
				"$(SRCROOT)/Carthage/Build/iOS/PermissionScope.framework",
				"$(SRCROOT)/Carthage/Build/iOS/PKHUD.framework",
				"$(SRCROOT)/Carthage/Build/iOS/Async.framework",
			);
			outputPaths = (
			);
			runOnlyForDeploymentPostprocessing = 0;
			shellPath = /bin/sh;
			shellScript = "/usr/local/bin/carthage copy-frameworks";
		};
/* End PBXShellScriptBuildPhase section */

/* Begin PBXSourcesBuildPhase section */
		C9F82B191D8483CF00608689 /* Sources */ = {
			isa = PBXSourcesBuildPhase;
			buildActionMask = 2147483647;
			files = (
				C9F82B4E1D85010D00608689 /* IsThisARockController.swift in Sources */,
				C9F82B631D85BB3D00608689 /* PotentialMatchCollectionView.swift in Sources */,
				C9F82B231D8483CF00608689 /* ViewController.swift in Sources */,
				C9F82B681D85BFC900608689 /* PotentialMatchHeader.swift in Sources */,
				C95DEE741D96439700602621 /* UIImage+Gif.swift in Sources */,
				C9F82B5D1D85B02200608689 /* LoginViewController.swift in Sources */,
				C9F82B4C1D84F9B500608689 /* FeedHeader.swift in Sources */,
				C9F82B441D84964C00608689 /* SubmitRockPostController.swift in Sources */,
				C9F82B211D8483CF00608689 /* AppDelegate.swift in Sources */,
				C9F82B401D8490F700608689 /* FeedViewController.swift in Sources */,
				C9F82B4A1D84CC8A00608689 /* FeedItem.swift in Sources */,
				C936EBA41D85F274006DBEC5 /* RockMapViewController.swift in Sources */,
				C9F82B591D85A4C800608689 /* LoadingController.swift in Sources */,
				C9F82B611D85B99300608689 /* PotentialMatch.swift in Sources */,
				C9F82B421D84927B00608689 /* SubmitRockFlowController.swift in Sources */,
				C9F82B481D84C82300608689 /* THE_DATABASE.swift in Sources */,
				C9F82B661D85BD1300608689 /* UniqueRockButton.swift in Sources */,
				C936EBA21D85E923006DBEC5 /* InvalidRockController.swift in Sources */,
				C9F82B5F1D85B85600608689 /* RockProfile.swift in Sources */,
				C9F82B3E1D848EEE00608689 /* Constants.swift in Sources */,
				C9F82B501D8503A800608689 /* Env.swift in Sources */,
				C95DEE7A1D9726A700602621 /* Rock.swift in Sources */,
				C936EB9E1D85E609006DBEC5 /* ValidRockController.swift in Sources */,
				C936EBA01D85E743006DBEC5 /* NSTimer+Swift.swift in Sources */,
				C936EBA61D85F864006DBEC5 /* RockAnnotation.swift in Sources */,
				C9F82B571D850F8300608689 /* Utils.swift in Sources */,
				C9F82B781D85D41500608689 /* RockProfileController.swift in Sources */,
			);
			runOnlyForDeploymentPostprocessing = 0;
		};
/* End PBXSourcesBuildPhase section */

/* Begin PBXVariantGroup section */
		C9F82B291D8483CF00608689 /* LaunchScreen.storyboard */ = {
			isa = PBXVariantGroup;
			children = (
				C9F82B2A1D8483CF00608689 /* Base */,
			);
			name = LaunchScreen.storyboard;
			sourceTree = "<group>";
		};
/* End PBXVariantGroup section */

/* Begin XCBuildConfiguration section */
		C9F82B2D1D8483CF00608689 /* Debug */ = {
			isa = XCBuildConfiguration;
			buildSettings = {
				ALWAYS_SEARCH_USER_PATHS = NO;
				CLANG_ANALYZER_NONNULL = YES;
				CLANG_CXX_LANGUAGE_STANDARD = "gnu++0x";
				CLANG_CXX_LIBRARY = "libc++";
				CLANG_ENABLE_MODULES = YES;
				CLANG_ENABLE_OBJC_ARC = YES;
				CLANG_WARN_BOOL_CONVERSION = YES;
				CLANG_WARN_CONSTANT_CONVERSION = YES;
				CLANG_WARN_DIRECT_OBJC_ISA_USAGE = YES_ERROR;
				CLANG_WARN_EMPTY_BODY = YES;
				CLANG_WARN_ENUM_CONVERSION = YES;
				CLANG_WARN_INT_CONVERSION = YES;
				CLANG_WARN_OBJC_ROOT_CLASS = YES_ERROR;
				CLANG_WARN_UNREACHABLE_CODE = YES;
				CLANG_WARN__DUPLICATE_METHOD_MATCH = YES;
				"CODE_SIGN_IDENTITY[sdk=iphoneos*]" = "iPhone Developer";
				COPY_PHASE_STRIP = NO;
				DEBUG_INFORMATION_FORMAT = dwarf;
				ENABLE_STRICT_OBJC_MSGSEND = YES;
				ENABLE_TESTABILITY = YES;
				GCC_C_LANGUAGE_STANDARD = gnu99;
				GCC_DYNAMIC_NO_PIC = NO;
				GCC_NO_COMMON_BLOCKS = YES;
				GCC_OPTIMIZATION_LEVEL = 0;
				GCC_PREPROCESSOR_DEFINITIONS = (
					"DEBUG=1",
					"$(inherited)",
				);
				GCC_WARN_64_TO_32_BIT_CONVERSION = YES;
				GCC_WARN_ABOUT_RETURN_TYPE = YES_ERROR;
				GCC_WARN_UNDECLARED_SELECTOR = YES;
				GCC_WARN_UNINITIALIZED_AUTOS = YES_AGGRESSIVE;
				GCC_WARN_UNUSED_FUNCTION = YES;
				GCC_WARN_UNUSED_VARIABLE = YES;
				IPHONEOS_DEPLOYMENT_TARGET = 9.3;
				MTL_ENABLE_DEBUG_INFO = YES;
				ONLY_ACTIVE_ARCH = YES;
				SDKROOT = iphoneos;
				SWIFT_OPTIMIZATION_LEVEL = "-Onone";
				TARGETED_DEVICE_FAMILY = "1,2";
			};
			name = Debug;
		};
		C9F82B2E1D8483CF00608689 /* Release */ = {
			isa = XCBuildConfiguration;
			buildSettings = {
				ALWAYS_SEARCH_USER_PATHS = NO;
				CLANG_ANALYZER_NONNULL = YES;
				CLANG_CXX_LANGUAGE_STANDARD = "gnu++0x";
				CLANG_CXX_LIBRARY = "libc++";
				CLANG_ENABLE_MODULES = YES;
				CLANG_ENABLE_OBJC_ARC = YES;
				CLANG_WARN_BOOL_CONVERSION = YES;
				CLANG_WARN_CONSTANT_CONVERSION = YES;
				CLANG_WARN_DIRECT_OBJC_ISA_USAGE = YES_ERROR;
				CLANG_WARN_EMPTY_BODY = YES;
				CLANG_WARN_ENUM_CONVERSION = YES;
				CLANG_WARN_INT_CONVERSION = YES;
				CLANG_WARN_OBJC_ROOT_CLASS = YES_ERROR;
				CLANG_WARN_UNREACHABLE_CODE = YES;
				CLANG_WARN__DUPLICATE_METHOD_MATCH = YES;
				"CODE_SIGN_IDENTITY[sdk=iphoneos*]" = "iPhone Developer";
				COPY_PHASE_STRIP = NO;
				DEBUG_INFORMATION_FORMAT = "dwarf-with-dsym";
				ENABLE_NS_ASSERTIONS = NO;
				ENABLE_STRICT_OBJC_MSGSEND = YES;
				GCC_C_LANGUAGE_STANDARD = gnu99;
				GCC_NO_COMMON_BLOCKS = YES;
				GCC_WARN_64_TO_32_BIT_CONVERSION = YES;
				GCC_WARN_ABOUT_RETURN_TYPE = YES_ERROR;
				GCC_WARN_UNDECLARED_SELECTOR = YES;
				GCC_WARN_UNINITIALIZED_AUTOS = YES_AGGRESSIVE;
				GCC_WARN_UNUSED_FUNCTION = YES;
				GCC_WARN_UNUSED_VARIABLE = YES;
				IPHONEOS_DEPLOYMENT_TARGET = 9.3;
				MTL_ENABLE_DEBUG_INFO = NO;
				SDKROOT = iphoneos;
				TARGETED_DEVICE_FAMILY = "1,2";
				VALIDATE_PRODUCT = YES;
			};
			name = Release;
		};
		C9F82B301D8483CF00608689 /* Debug */ = {
			isa = XCBuildConfiguration;
			buildSettings = {
				ASSETCATALOG_COMPILER_APPICON_NAME = AppIcon;
				CODE_SIGN_IDENTITY = "iPhone Developer: Matthew Condon (KK7926GMRW)";
				FRAMEWORK_SEARCH_PATHS = (
					"$(inherited)",
					"$(PROJECT_DIR)/Carthage/Build/iOS",
				);
				INFOPLIST_FILE = howmanyrocksarethere/Info.plist;
				IPHONEOS_DEPLOYMENT_TARGET = 9.0;
				LD_RUNPATH_SEARCH_PATHS = "$(inherited) @executable_path/Frameworks";
				PRODUCT_BUNDLE_IDENTIFIER = mat.tc.howmanyrocks;
				PRODUCT_NAME = "$(TARGET_NAME)";
				PROVISIONING_PROFILE = "6f90c605-dc48-4103-94fa-cca57cc406fd";
			};
			name = Debug;
		};
		C9F82B311D8483CF00608689 /* Release */ = {
			isa = XCBuildConfiguration;
			buildSettings = {
				ASSETCATALOG_COMPILER_APPICON_NAME = AppIcon;
				CODE_SIGN_IDENTITY = "iPhone Developer: Matthew Condon (KK7926GMRW)";
				FRAMEWORK_SEARCH_PATHS = (
					"$(inherited)",
					"$(PROJECT_DIR)/Carthage/Build/iOS",
				);
				INFOPLIST_FILE = howmanyrocksarethere/Info.plist;
				IPHONEOS_DEPLOYMENT_TARGET = 9.0;
				LD_RUNPATH_SEARCH_PATHS = "$(inherited) @executable_path/Frameworks";
				PRODUCT_BUNDLE_IDENTIFIER = mat.tc.howmanyrocks;
				PRODUCT_NAME = "$(TARGET_NAME)";
				PROVISIONING_PROFILE = "6f90c605-dc48-4103-94fa-cca57cc406fd";
			};
			name = Release;
		};
/* End XCBuildConfiguration section */

/* Begin XCConfigurationList section */
		C9F82B181D8483CF00608689 /* Build configuration list for PBXProject "howmanyrocksarethere" */ = {
			isa = XCConfigurationList;
			buildConfigurations = (
				C9F82B2D1D8483CF00608689 /* Debug */,
				C9F82B2E1D8483CF00608689 /* Release */,
			);
			defaultConfigurationIsVisible = 0;
			defaultConfigurationName = Release;
		};
		C9F82B2F1D8483CF00608689 /* Build configuration list for PBXNativeTarget "howmanyrocksarethere" */ = {
			isa = XCConfigurationList;
			buildConfigurations = (
				C9F82B301D8483CF00608689 /* Debug */,
				C9F82B311D8483CF00608689 /* Release */,
			);
			defaultConfigurationIsVisible = 0;
			defaultConfigurationName = Release;
		};
/* End XCConfigurationList section */
	};
	rootObject = C9F82B151D8483CF00608689 /* Project object */;
}
